{
  "name": "servezone",
  "version": "1.0.14",
  "lockfileVersion": 1,
  "dependencies": {
    "@types/node": {
      "version": "8.0.8",
      "resolved": "https://registry.npmjs.org/@types/node/-/node-8.0.8.tgz",
      "integrity": "sha512-mDdL8leJCDIe2uSA+jp2quT6t7y0Pt9guPYzfoMt97r8dhRGZ+jLetPYHCCHXLnWdmae/zHZIYvzTQaTj6BCQg=="
    }
  }
}
